
Microsoft Visual Studio Solution File, Format Version 12.00
# Visual Studio Version 17
VisualStudioVersion = 17.1.32421.90
MinimumVisualStudioVersion = 10.0.40219.1
Project("{8BC9CEB8-8B4A-11D0-8D11-00A0C91BC942}") = "P2_Domaci2", "P2_Domaci2\P2_Domaci2.vcxproj", "{E4B8D17F-36F4-4746-89D7-2E7C4804BC75}"
EndProject
Global
	GlobalSection(SolutionConfigurationPlatforms) = preSolution
		Debug|x64 = Debug|x64
		Debug|x86 = Debug|x86
		Release|x64 = Release|x64
		Release|x86 = Release|x86
	EndGlobalSection
	GlobalSection(ProjectConfigurationPlatforms) = postSolution
		{E4B8D17F-36F4-4746-89D7-2E7C4804BC75}.Debug|x64.ActiveCfg = Debug|x64
		{E4B8D17F-36F4-4746-89D7-2E7C4804BC75}.Debug|x64.Build.0 = Debug|x64
		{E4B8D17F-36F4-4746-89D7-2E7C4804BC75}.Debug|x86.ActiveCfg = Debug|Win32
		{E4B8D17F-36F4-4746-89D7-2E7C4804BC75}.Debug|x86.Build.0 = Debug|Win32
		{E4B8D17F-36F4-4746-89D7-2E7C4804BC75}.Release|x64.ActiveCfg = Release|x64
		{E4B8D17F-36F4-4746-89D7-2E7C4804BC75}.Release|x64.Build.0 = Release|x64
		{E4B8D17F-36F4-4746-89D7-2E7C4804BC75}.Release|x86.ActiveCfg = Release|Win32
		{E4B8D17F-36F4-4746-89D7-2E7C4804BC75}.Release|x86.Build.0 = Release|Win32
	EndGlobalSection
	GlobalSection(SolutionProperties) = preSolution
		HideSolutionNode = FALSE
	EndGlobalSection
	GlobalSection(ExtensibilityGlobals) = postSolution
		SolutionGuid = {01CBF3F4-DB37-4431-937B-7DA4AE883DC8}
	EndGlobalSection
EndGlobal
